
Microsoft Visual Studio Solution File, Format Version 12.00
# Visual Studio 15
VisualStudioVersion = 15.0.26124.0
MinimumVisualStudioVersion = 15.0.26124.0
Project("{FAE04EC0-301F-11D3-BF4B-00C04F79EFBC}") = "hub", "hub\hub.csproj", "{BE437395-9D51-46F4-905A-E38C7A9D6A54}"
EndProject
Project("{FAE04EC0-301F-11D3-BF4B-00C04F79EFBC}") = "client", "client\client.csproj", "{E924119E-2B03-4FA4-903D-4DC2B9B39311}"
EndProject
Project("{FAE04EC0-301F-11D3-BF4B-00C04F79EFBC}") = "test", "test\test.csproj", "{91F738D4-9F44-4AE9-B404-8AE5269E4153}"
EndProject
Project("{FAE04EC0-301F-11D3-BF4B-00C04F79EFBC}") = "test_integration", "test_integration\test_integration.csproj", "{F175CFC6-BBFA-4B6E-A2E4-108B0FD31478}"
EndProject
Global
	GlobalSection(SolutionConfigurationPlatforms) = preSolution
		Debug|Any CPU = Debug|Any CPU
		Debug|x64 = Debug|x64
		Debug|x86 = Debug|x86
		Release|Any CPU = Release|Any CPU
		Release|x64 = Release|x64
		Release|x86 = Release|x86
	EndGlobalSection
	GlobalSection(SolutionProperties) = preSolution
		HideSolutionNode = FALSE
	EndGlobalSection
	GlobalSection(ProjectConfigurationPlatforms) = postSolution
		{BE437395-9D51-46F4-905A-E38C7A9D6A54}.Debug|Any CPU.ActiveCfg = Debug|Any CPU
		{BE437395-9D51-46F4-905A-E38C7A9D6A54}.Debug|Any CPU.Build.0 = Debug|Any CPU
		{BE437395-9D51-46F4-905A-E38C7A9D6A54}.Debug|x64.ActiveCfg = Debug|Any CPU
		{BE437395-9D51-46F4-905A-E38C7A9D6A54}.Debug|x64.Build.0 = Debug|Any CPU
		{BE437395-9D51-46F4-905A-E38C7A9D6A54}.Debug|x86.ActiveCfg = Debug|Any CPU
		{BE437395-9D51-46F4-905A-E38C7A9D6A54}.Debug|x86.Build.0 = Debug|Any CPU
		{BE437395-9D51-46F4-905A-E38C7A9D6A54}.Release|Any CPU.ActiveCfg = Release|Any CPU
		{BE437395-9D51-46F4-905A-E38C7A9D6A54}.Release|Any CPU.Build.0 = Release|Any CPU
		{BE437395-9D51-46F4-905A-E38C7A9D6A54}.Release|x64.ActiveCfg = Release|Any CPU
		{BE437395-9D51-46F4-905A-E38C7A9D6A54}.Release|x64.Build.0 = Release|Any CPU
		{BE437395-9D51-46F4-905A-E38C7A9D6A54}.Release|x86.ActiveCfg = Release|Any CPU
		{BE437395-9D51-46F4-905A-E38C7A9D6A54}.Release|x86.Build.0 = Release|Any CPU
		{E924119E-2B03-4FA4-903D-4DC2B9B39311}.Debug|Any CPU.ActiveCfg = Debug|Any CPU
		{E924119E-2B03-4FA4-903D-4DC2B9B39311}.Debug|Any CPU.Build.0 = Debug|Any CPU
		{E924119E-2B03-4FA4-903D-4DC2B9B39311}.Debug|x64.ActiveCfg = Debug|Any CPU
		{E924119E-2B03-4FA4-903D-4DC2B9B39311}.Debug|x64.Build.0 = Debug|Any CPU
		{E924119E-2B03-4FA4-903D-4DC2B9B39311}.Debug|x86.ActiveCfg = Debug|Any CPU
		{E924119E-2B03-4FA4-903D-4DC2B9B39311}.Debug|x86.Build.0 = Debug|Any CPU
		{E924119E-2B03-4FA4-903D-4DC2B9B39311}.Release|Any CPU.ActiveCfg = Release|Any CPU
		{E924119E-2B03-4FA4-903D-4DC2B9B39311}.Release|Any CPU.Build.0 = Release|Any CPU
		{E924119E-2B03-4FA4-903D-4DC2B9B39311}.Release|x64.ActiveCfg = Release|Any CPU
		{E924119E-2B03-4FA4-903D-4DC2B9B39311}.Release|x64.Build.0 = Release|Any CPU
		{E924119E-2B03-4FA4-903D-4DC2B9B39311}.Release|x86.ActiveCfg = Release|Any CPU
		{E924119E-2B03-4FA4-903D-4DC2B9B39311}.Release|x86.Build.0 = Release|Any CPU
		{91F738D4-9F44-4AE9-B404-8AE5269E4153}.Debug|Any CPU.ActiveCfg = Debug|Any CPU
		{91F738D4-9F44-4AE9-B404-8AE5269E4153}.Debug|Any CPU.Build.0 = Debug|Any CPU
		{91F738D4-9F44-4AE9-B404-8AE5269E4153}.Debug|x64.ActiveCfg = Debug|Any CPU
		{91F738D4-9F44-4AE9-B404-8AE5269E4153}.Debug|x64.Build.0 = Debug|Any CPU
		{91F738D4-9F44-4AE9-B404-8AE5269E4153}.Debug|x86.ActiveCfg = Debug|Any CPU
		{91F738D4-9F44-4AE9-B404-8AE5269E4153}.Debug|x86.Build.0 = Debug|Any CPU
		{91F738D4-9F44-4AE9-B404-8AE5269E4153}.Release|Any CPU.ActiveCfg = Release|Any CPU
		{91F738D4-9F44-4AE9-B404-8AE5269E4153}.Release|Any CPU.Build.0 = Release|Any CPU
		{91F738D4-9F44-4AE9-B404-8AE5269E4153}.Release|x64.ActiveCfg = Release|Any CPU
		{91F738D4-9F44-4AE9-B404-8AE5269E4153}.Release|x64.Build.0 = Release|Any CPU
		{91F738D4-9F44-4AE9-B404-8AE5269E4153}.Release|x86.ActiveCfg = Release|Any CPU
		{91F738D4-9F44-4AE9-B404-8AE5269E4153}.Release|x86.Build.0 = Release|Any CPU
		{F175CFC6-BBFA-4B6E-A2E4-108B0FD31478}.Debug|Any CPU.ActiveCfg = Debug|Any CPU
		{F175CFC6-BBFA-4B6E-A2E4-108B0FD31478}.Debug|Any CPU.Build.0 = Debug|Any CPU
		{F175CFC6-BBFA-4B6E-A2E4-108B0FD31478}.Debug|x64.ActiveCfg = Debug|Any CPU
		{F175CFC6-BBFA-4B6E-A2E4-108B0FD31478}.Debug|x64.Build.0 = Debug|Any CPU
		{F175CFC6-BBFA-4B6E-A2E4-108B0FD31478}.Debug|x86.ActiveCfg = Debug|Any CPU
		{F175CFC6-BBFA-4B6E-A2E4-108B0FD31478}.Debug|x86.Build.0 = Debug|Any CPU
		{F175CFC6-BBFA-4B6E-A2E4-108B0FD31478}.Release|Any CPU.ActiveCfg = Release|Any CPU
		{F175CFC6-BBFA-4B6E-A2E4-108B0FD31478}.Release|Any CPU.Build.0 = Release|Any CPU
		{F175CFC6-BBFA-4B6E-A2E4-108B0FD31478}.Release|x64.ActiveCfg = Release|Any CPU
		{F175CFC6-BBFA-4B6E-A2E4-108B0FD31478}.Release|x64.Build.0 = Release|Any CPU
		{F175CFC6-BBFA-4B6E-A2E4-108B0FD31478}.Release|x86.ActiveCfg = Release|Any CPU
		{F175CFC6-BBFA-4B6E-A2E4-108B0FD31478}.Release|x86.Build.0 = Release|Any CPU
	EndGlobalSection
EndGlobal
